
Microsoft Visual Studio Solution File, Format Version 12.00
# Visual Studio 15
VisualStudioVersion = 15.0.27703.2018
MinimumVisualStudioVersion = 10.0.40219.1
Project("{FAE04EC0-301F-11D3-BF4B-00C04F79EFBC}") = "PN.WebAPI", "PN.WebAPI\PN.WebAPI.csproj", "{819A1AC1-3318-4594-83D5-D3BA9235CEBF}"
EndProject
Project("{FAE04EC0-301F-11D3-BF4B-00C04F79EFBC}") = "PN.Client", "PN.Client\PN.Client.csproj", "{5AD15B03-8126-475D-A610-3AC75ABE2034}"
EndProject
Project("{FAE04EC0-301F-11D3-BF4B-00C04F79EFBC}") = "PN.Test", "PN.Test\PN.Test.csproj", "{2B6CC7CD-998C-4135-A5AF-924FE84A2362}"
EndProject
Global
	GlobalSection(SolutionConfigurationPlatforms) = preSolution
		Debug|Any CPU = Debug|Any CPU
		Release|Any CPU = Release|Any CPU
	EndGlobalSection
	GlobalSection(ProjectConfigurationPlatforms) = postSolution
		{819A1AC1-3318-4594-83D5-D3BA9235CEBF}.Debug|Any CPU.ActiveCfg = Debug|Any CPU
		{819A1AC1-3318-4594-83D5-D3BA9235CEBF}.Debug|Any CPU.Build.0 = Debug|Any CPU
		{819A1AC1-3318-4594-83D5-D3BA9235CEBF}.Release|Any CPU.ActiveCfg = Release|Any CPU
		{819A1AC1-3318-4594-83D5-D3BA9235CEBF}.Release|Any CPU.Build.0 = Release|Any CPU
		{5AD15B03-8126-475D-A610-3AC75ABE2034}.Debug|Any CPU.ActiveCfg = Debug|Any CPU
		{5AD15B03-8126-475D-A610-3AC75ABE2034}.Debug|Any CPU.Build.0 = Debug|Any CPU
		{5AD15B03-8126-475D-A610-3AC75ABE2034}.Release|Any CPU.ActiveCfg = Release|Any CPU
		{5AD15B03-8126-475D-A610-3AC75ABE2034}.Release|Any CPU.Build.0 = Release|Any CPU
		{2B6CC7CD-998C-4135-A5AF-924FE84A2362}.Debug|Any CPU.ActiveCfg = Debug|Any CPU
		{2B6CC7CD-998C-4135-A5AF-924FE84A2362}.Debug|Any CPU.Build.0 = Debug|Any CPU
		{2B6CC7CD-998C-4135-A5AF-924FE84A2362}.Release|Any CPU.ActiveCfg = Release|Any CPU
		{2B6CC7CD-998C-4135-A5AF-924FE84A2362}.Release|Any CPU.Build.0 = Release|Any CPU
	EndGlobalSection
	GlobalSection(SolutionProperties) = preSolution
		HideSolutionNode = FALSE
	EndGlobalSection
	GlobalSection(ExtensibilityGlobals) = postSolution
		SolutionGuid = {9A68789E-6D81-407E-909E-5E37F5AFB74B}
	EndGlobalSection
EndGlobal
